// !$*UTF8*$!
{
	archiveVersion = 1;
	classes = {
	};
	objectVersion = 46;
	objects = {

/* Begin PBXBuildFile section */
		F10D83A71C55D3750053BD74 /* AppDelegate.swift in Sources */ = {isa = PBXBuildFile; fileRef = F10D83A61C55D3750053BD74 /* AppDelegate.swift */; };
		F10D83A91C55D3750053BD74 /* ViewController.swift in Sources */ = {isa = PBXBuildFile; fileRef = F10D83A81C55D3750053BD74 /* ViewController.swift */; };
		F10D83AC1C55D3750053BD74 /* Main.storyboard in Resources */ = {isa = PBXBuildFile; fileRef = F10D83AA1C55D3750053BD74 /* Main.storyboard */; };
		F10D83AE1C55D3750053BD74 /* Assets.xcassets in Resources */ = {isa = PBXBuildFile; fileRef = F10D83AD1C55D3750053BD74 /* Assets.xcassets */; };
		F10D83B11C55D3750053BD74 /* LaunchScreen.storyboard in Resources */ = {isa = PBXBuildFile; fileRef = F10D83AF1C55D3750053BD74 /* LaunchScreen.storyboard */; };
		F10D83B61C55D3750053BD74 /* WatchApp WatchKit App.app in Embed Watch Content */ = {isa = PBXBuildFile; fileRef = F10D83B51C55D3750053BD74 /* WatchApp WatchKit App.app */; };
		F10D83BC1C55D3750053BD74 /* Interface.storyboard in Resources */ = {isa = PBXBuildFile; fileRef = F10D83BA1C55D3750053BD74 /* Interface.storyboard */; };
		F10D83BE1C55D3750053BD74 /* Assets.xcassets in Resources */ = {isa = PBXBuildFile; fileRef = F10D83BD1C55D3750053BD74 /* Assets.xcassets */; };
		F10D83C51C55D3750053BD74 /* WatchApp WatchKit Extension.appex in Embed App Extensions */ = {isa = PBXBuildFile; fileRef = F10D83C41C55D3750053BD74 /* WatchApp WatchKit Extension.appex */; settings = {ATTRIBUTES = (RemoveHeadersOnCopy, ); }; };
		F10D83CA1C55D3750053BD74 /* InterfaceController.swift in Sources */ = {isa = PBXBuildFile; fileRef = F10D83C91C55D3750053BD74 /* InterfaceController.swift */; };
		F10D83CC1C55D3750053BD74 /* ExtensionDelegate.swift in Sources */ = {isa = PBXBuildFile; fileRef = F10D83CB1C55D3750053BD74 /* ExtensionDelegate.swift */; };
		F10D83CE1C55D3750053BD74 /* Assets.xcassets in Resources */ = {isa = PBXBuildFile; fileRef = F10D83CD1C55D3750053BD74 /* Assets.xcassets */; };
		F10D83E81C55E5A20053BD74 /* tamano.swift in Sources */ = {isa = PBXBuildFile; fileRef = F10D83E71C55E5A20053BD74 /* tamano.swift */; settings = {ASSET_TAGS = (); }; };
		F10D83EA1C55E93F0053BD74 /* masaInterfaceController.swift in Sources */ = {isa = PBXBuildFile; fileRef = F10D83E91C55E93F0053BD74 /* masaInterfaceController.swift */; settings = {ASSET_TAGS = (); }; };
		F10D83EC1C55EFCC0053BD74 /* quesoInterfaceController.swift in Sources */ = {isa = PBXBuildFile; fileRef = F10D83EB1C55EFCC0053BD74 /* quesoInterfaceController.swift */; settings = {ASSET_TAGS = (); }; };
		F10D83EE1C55EFE40053BD74 /* ingredientesInterfaceController.swift in Sources */ = {isa = PBXBuildFile; fileRef = F10D83ED1C55EFE40053BD74 /* ingredientesInterfaceController.swift */; settings = {ASSET_TAGS = (); }; };
		F10D83F01C55EFFD0053BD74 /* confirmarInterfaceController.swift in Sources */ = {isa = PBXBuildFile; fileRef = F10D83EF1C55EFFD0053BD74 /* confirmarInterfaceController.swift */; settings = {ASSET_TAGS = (); }; };
		F10D83F21C55F0660053BD74 /* masa.swift in Sources */ = {isa = PBXBuildFile; fileRef = F10D83F11C55F0660053BD74 /* masa.swift */; settings = {ASSET_TAGS = (); }; };
		F10D83F41C55F5120053BD74 /* queso.swift in Sources */ = {isa = PBXBuildFile; fileRef = F10D83F31C55F5120053BD74 /* queso.swift */; settings = {ASSET_TAGS = (); }; };
		F10D83F61C55F99D0053BD74 /* ingredientes.swift in Sources */ = {isa = PBXBuildFile; fileRef = F10D83F51C55F99D0053BD74 /* ingredientes.swift */; settings = {ASSET_TAGS = (); }; };
/* End PBXBuildFile section */

/* Begin PBXContainerItemProxy section */
		F10D83B71C55D3750053BD74 /* PBXContainerItemProxy */ = {
			isa = PBXContainerItemProxy;
			containerPortal = F10D839B1C55D3750053BD74 /* Project object */;
			proxyType = 1;
			remoteGlobalIDString = F10D83B41C55D3750053BD74;
			remoteInfo = "WatchApp WatchKit App";
		};
		F10D83C61C55D3750053BD74 /* PBXContainerItemProxy */ = {
			isa = PBXContainerItemProxy;
			containerPortal = F10D839B1C55D3750053BD74 /* Project object */;
			proxyType = 1;
			remoteGlobalIDString = F10D83C31C55D3750053BD74;
			remoteInfo = "WatchApp WatchKit Extension";
		};
/* End PBXContainerItemProxy section */

/* Begin PBXCopyFilesBuildPhase section */
		F10D83D51C55D3760053BD74 /* Embed App Extensions */ = {
			isa = PBXCopyFilesBuildPhase;
			buildActionMask = 2147483647;
			dstPath = "";
			dstSubfolderSpec = 13;
			files = (
				F10D83C51C55D3750053BD74 /* WatchApp WatchKit Extension.appex in Embed App Extensions */,
			);
			name = "Embed App Extensions";
			runOnlyForDeploymentPostprocessing = 0;
		};
		F10D83D91C55D3760053BD74 /* Embed Watch Content */ = {
			isa = PBXCopyFilesBuildPhase;
			buildActionMask = 2147483647;
			dstPath = "$(CONTENTS_FOLDER_PATH)/Watch";
			dstSubfolderSpec = 16;
			files = (
				F10D83B61C55D3750053BD74 /* WatchApp WatchKit App.app in Embed Watch Content */,
			);
			name = "Embed Watch Content";
			runOnlyForDeploymentPostprocessing = 0;
		};
/* End PBXCopyFilesBuildPhase section */

/* Begin PBXFileReference section */
		F10D83A31C55D3750053BD74 /* WatchApp.app */ = {isa = PBXFileReference; explicitFileType = wrapper.application; includeInIndex = 0; path = WatchApp.app; sourceTree = BUILT_PRODUCTS_DIR; };
		F10D83A61C55D3750053BD74 /* AppDelegate.swift */ = {isa = PBXFileReference; lastKnownFileType = sourcecode.swift; path = AppDelegate.swift; sourceTree = "<group>"; };
		F10D83A81C55D3750053BD74 /* ViewController.swift */ = {isa = PBXFileReference; lastKnownFileType = sourcecode.swift; path = ViewController.swift; sourceTree = "<group>"; };
		F10D83AB1C55D3750053BD74 /* Base */ = {isa = PBXFileReference; lastKnownFileType = file.storyboard; name = Base; path = Base.lproj/Main.storyboard; sourceTree = "<group>"; };
		F10D83AD1C55D3750053BD74 /* Assets.xcassets */ = {isa = PBXFileReference; lastKnownFileType = folder.assetcatalog; path = Assets.xcassets; sourceTree = "<group>"; };
		F10D83B01C55D3750053BD74 /* Base */ = {isa = PBXFileReference; lastKnownFileType = file.storyboard; name = Base; path = Base.lproj/LaunchScreen.storyboard; sourceTree = "<group>"; };
		F10D83B21C55D3750053BD74 /* Info.plist */ = {isa = PBXFileReference; lastKnownFileType = text.plist.xml; path = Info.plist; sourceTree = "<group>"; };
		F10D83B51C55D3750053BD74 /* WatchApp WatchKit App.app */ = {isa = PBXFileReference; explicitFileType = wrapper.application; includeInIndex = 0; path = "WatchApp WatchKit App.app"; sourceTree = BUILT_PRODUCTS_DIR; };
		F10D83BB1C55D3750053BD74 /* Base */ = {isa = PBXFileReference; lastKnownFileType = file.storyboard; name = Base; path = Base.lproj/Interface.storyboard; sourceTree = "<group>"; };
		F10D83BD1C55D3750053BD74 /* Assets.xcassets */ = {isa = PBXFileReference; lastKnownFileType = folder.assetcatalog; path = Assets.xcassets; sourceTree = "<group>"; };
		F10D83BF1C55D3750053BD74 /* Info.plist */ = {isa = PBXFileReference; lastKnownFileType = text.plist.xml; path = Info.plist; sourceTree = "<group>"; };
		F10D83C41C55D3750053BD74 /* WatchApp WatchKit Extension.appex */ = {isa = PBXFileReference; explicitFileType = "wrapper.app-extension"; includeInIndex = 0; path = "WatchApp WatchKit Extension.appex"; sourceTree = BUILT_PRODUCTS_DIR; };
		F10D83C91C55D3750053BD74 /* InterfaceController.swift */ = {isa = PBXFileReference; lastKnownFileType = sourcecode.swift; path = InterfaceController.swift; sourceTree = "<group>"; };
		F10D83CB1C55D3750053BD74 /* ExtensionDelegate.swift */ = {isa = PBXFileReference; lastKnownFileType = sourcecode.swift; path = ExtensionDelegate.swift; sourceTree = "<group>"; };
		F10D83CD1C55D3750053BD74 /* Assets.xcassets */ = {isa = PBXFileReference; lastKnownFileType = folder.assetcatalog; path = Assets.xcassets; sourceTree = "<group>"; };
		F10D83CF1C55D3760053BD74 /* Info.plist */ = {isa = PBXFileReference; lastKnownFileType = text.plist.xml; path = Info.plist; sourceTree = "<group>"; };
		F10D83E71C55E5A20053BD74 /* tamano.swift */ = {isa = PBXFileReference; fileEncoding = 4; lastKnownFileType = sourcecode.swift; path = tamano.swift; sourceTree = "<group>"; };
		F10D83E91C55E93F0053BD74 /* masaInterfaceController.swift */ = {isa = PBXFileReference; fileEncoding = 4; lastKnownFileType = sourcecode.swift; path = masaInterfaceController.swift; sourceTree = "<group>"; };
		F10D83EB1C55EFCC0053BD74 /* quesoInterfaceController.swift */ = {isa = PBXFileReference; fileEncoding = 4; lastKnownFileType = sourcecode.swift; path = quesoInterfaceController.swift; sourceTree = "<group>"; };
		F10D83ED1C55EFE40053BD74 /* ingredientesInterfaceController.swift */ = {isa = PBXFileReference; fileEncoding = 4; lastKnownFileType = sourcecode.swift; path = ingredientesInterfaceController.swift; sourceTree = "<group>"; };
		F10D83EF1C55EFFD0053BD74 /* confirmarInterfaceController.swift */ = {isa = PBXFileReference; fileEncoding = 4; lastKnownFileType = sourcecode.swift; path = confirmarInterfaceController.swift; sourceTree = "<group>"; };
		F10D83F11C55F0660053BD74 /* masa.swift */ = {isa = PBXFileReference; fileEncoding = 4; lastKnownFileType = sourcecode.swift; path = masa.swift; sourceTree = "<group>"; };
		F10D83F31C55F5120053BD74 /* queso.swift */ = {isa = PBXFileReference; fileEncoding = 4; lastKnownFileType = sourcecode.swift; path = queso.swift; sourceTree = "<group>"; };
		F10D83F51C55F99D0053BD74 /* ingredientes.swift */ = {isa = PBXFileReference; fileEncoding = 4; lastKnownFileType = sourcecode.swift; path = ingredientes.swift; sourceTree = "<group>"; };
/* End PBXFileReference section */

/* Begin PBXFrameworksBuildPhase section */
		F10D83A01C55D3750053BD74 /* Frameworks */ = {
			isa = PBXFrameworksBuildPhase;
			buildActionMask = 2147483647;
			files = (
			);
			runOnlyForDeploymentPostprocessing = 0;
		};
		F10D83C11C55D3750053BD74 /* Frameworks */ = {
			isa = PBXFrameworksBuildPhase;
			buildActionMask = 2147483647;
			files = (
			);
			runOnlyForDeploymentPostprocessing = 0;
		};
/* End PBXFrameworksBuildPhase section */

/* Begin PBXGroup section */
		F10D839A1C55D3750053BD74 = {
			isa = PBXGroup;
			children = (
				F10D83A51C55D3750053BD74 /* WatchApp */,
				F10D83B91C55D3750053BD74 /* WatchApp WatchKit App */,
				F10D83C81C55D3750053BD74 /* WatchApp WatchKit Extension */,
				F10D83A41C55D3750053BD74 /* Products */,
			);
			sourceTree = "<group>";
		};
		F10D83A41C55D3750053BD74 /* Products */ = {
			isa = PBXGroup;
			children = (
				F10D83A31C55D3750053BD74 /* WatchApp.app */,
				F10D83B51C55D3750053BD74 /* WatchApp WatchKit App.app */,
				F10D83C41C55D3750053BD74 /* WatchApp WatchKit Extension.appex */,
			);
			name = Products;
			sourceTree = "<group>";
		};
		F10D83A51C55D3750053BD74 /* WatchApp */ = {
			isa = PBXGroup;
			children = (
				F10D83A61C55D3750053BD74 /* AppDelegate.swift */,
				F10D83A81C55D3750053BD74 /* ViewController.swift */,
				F10D83AA1C55D3750053BD74 /* Main.storyboard */,
				F10D83AD1C55D3750053BD74 /* Assets.xcassets */,
				F10D83AF1C55D3750053BD74 /* LaunchScreen.storyboard */,
				F10D83B21C55D3750053BD74 /* Info.plist */,
			);
			path = WatchApp;
			sourceTree = "<group>";
		};
		F10D83B91C55D3750053BD74 /* WatchApp WatchKit App */ = {
			isa = PBXGroup;
			children = (
				F10D83BA1C55D3750053BD74 /* Interface.storyboard */,
				F10D83BD1C55D3750053BD74 /* Assets.xcassets */,
				F10D83BF1C55D3750053BD74 /* Info.plist */,
			);
			path = "WatchApp WatchKit App";
			sourceTree = "<group>";
		};
		F10D83C81C55D3750053BD74 /* WatchApp WatchKit Extension */ = {
			isa = PBXGroup;
			children = (
				F10D83C91C55D3750053BD74 /* InterfaceController.swift */,
				F10D83CB1C55D3750053BD74 /* ExtensionDelegate.swift */,
				F10D83CD1C55D3750053BD74 /* Assets.xcassets */,
				F10D83CF1C55D3760053BD74 /* Info.plist */,
				F10D83E71C55E5A20053BD74 /* tamano.swift */,
				F10D83E91C55E93F0053BD74 /* masaInterfaceController.swift */,
				F10D83EB1C55EFCC0053BD74 /* quesoInterfaceController.swift */,
				F10D83ED1C55EFE40053BD74 /* ingredientesInterfaceController.swift */,
				F10D83EF1C55EFFD0053BD74 /* confirmarInterfaceController.swift */,
				F10D83F11C55F0660053BD74 /* masa.swift */,
				F10D83F31C55F5120053BD74 /* queso.swift */,
				F10D83F51C55F99D0053BD74 /* ingredientes.swift */,
			);
			path = "WatchApp WatchKit Extension";
			sourceTree = "<group>";
		};
/* End PBXGroup section */

/* Begin PBXNativeTarget section */
		F10D83A21C55D3750053BD74 /* WatchApp */ = {
			isa = PBXNativeTarget;
			buildConfigurationList = F10D83DA1C55D3760053BD74 /* Build configuration list for PBXNativeTarget "WatchApp" */;
			buildPhases = (
				F10D839F1C55D3750053BD74 /* Sources */,
				F10D83A01C55D3750053BD74 /* Frameworks */,
				F10D83A11C55D3750053BD74 /* Resources */,
				F10D83D91C55D3760053BD74 /* Embed Watch Content */,
			);
			buildRules = (
			);
			dependencies = (
				F10D83B81C55D3750053BD74 /* PBXTargetDependency */,
			);
			name = WatchApp;
			productName = WatchApp;
			productReference = F10D83A31C55D3750053BD74 /* WatchApp.app */;
			productType = "com.apple.product-type.application";
		};
		F10D83B41C55D3750053BD74 /* WatchApp WatchKit App */ = {
			isa = PBXNativeTarget;
			buildConfigurationList = F10D83D61C55D3760053BD74 /* Build configuration list for PBXNativeTarget "WatchApp WatchKit App" */;
			buildPhases = (
				F10D83B31C55D3750053BD74 /* Resources */,
				F10D83D51C55D3760053BD74 /* Embed App Extensions */,
			);
			buildRules = (
			);
			dependencies = (
				F10D83C71C55D3750053BD74 /* PBXTargetDependency */,
			);
			name = "WatchApp WatchKit App";
			productName = "WatchApp WatchKit App";
			productReference = F10D83B51C55D3750053BD74 /* WatchApp WatchKit App.app */;
			productType = "com.apple.product-type.application.watchapp2";
		};
		F10D83C31C55D3750053BD74 /* WatchApp WatchKit Extension */ = {
			isa = PBXNativeTarget;
			buildConfigurationList = F10D83D21C55D3760053BD74 /* Build configuration list for PBXNativeTarget "WatchApp WatchKit Extension" */;
			buildPhases = (
				F10D83C01C55D3750053BD74 /* Sources */,
				F10D83C11C55D3750053BD74 /* Frameworks */,
				F10D83C21C55D3750053BD74 /* Resources */,
			);
			buildRules = (
			);
			dependencies = (
			);
			name = "WatchApp WatchKit Extension";
			productName = "WatchApp WatchKit Extension";
			productReference = F10D83C41C55D3750053BD74 /* WatchApp WatchKit Extension.appex */;
			productType = "com.apple.product-type.watchkit2-extension";
		};
/* End PBXNativeTarget section */

/* Begin PBXProject section */
		F10D839B1C55D3750053BD74 /* Project object */ = {
			isa = PBXProject;
			attributes = {
				LastUpgradeCheck = 0700;
				ORGANIZATIONNAME = "Carlos Ramirez Velazquez";
				TargetAttributes = {
					F10D83A21C55D3750053BD74 = {
						CreatedOnToolsVersion = 7.0;
					};
					F10D83B41C55D3750053BD74 = {
						CreatedOnToolsVersion = 7.0;
					};
					F10D83C31C55D3750053BD74 = {
						CreatedOnToolsVersion = 7.0;
					};
				};
			};
			buildConfigurationList = F10D839E1C55D3750053BD74 /* Build configuration list for PBXProject "WatchApp" */;
			compatibilityVersion = "Xcode 3.2";
			developmentRegion = English;
			hasScannedForEncodings = 0;
			knownRegions = (
				en,
				Base,
			);
			mainGroup = F10D839A1C55D3750053BD74;
			productRefGroup = F10D83A41C55D3750053BD74 /* Products */;
			projectDirPath = "";
			projectRoot = "";
			targets = (
				F10D83A21C55D3750053BD74 /* WatchApp */,
				F10D83B41C55D3750053BD74 /* WatchApp WatchKit App */,
				F10D83C31C55D3750053BD74 /* WatchApp WatchKit Extension */,
			);
		};
/* End PBXProject section */

/* Begin PBXResourcesBuildPhase section */
		F10D83A11C55D3750053BD74 /* Resources */ = {
			isa = PBXResourcesBuildPhase;
			buildActionMask = 2147483647;
			files = (
				F10D83B11C55D3750053BD74 /* LaunchScreen.storyboard in Resources */,
				F10D83AE1C55D3750053BD74 /* Assets.xcassets in Resources */,
				F10D83AC1C55D3750053BD74 /* Main.storyboard in Resources */,
			);
			runOnlyForDeploymentPostprocessing = 0;
		};
		F10D83B31C55D3750053BD74 /* Resources */ = {
			isa = PBXResourcesBuildPhase;
			buildActionMask = 2147483647;
			files = (
				F10D83BE1C55D3750053BD74 /* Assets.xcassets in Resources */,
				F10D83BC1C55D3750053BD74 /* Interface.storyboard in Resources */,
			);
			runOnlyForDeploymentPostprocessing = 0;
		};
		F10D83C21C55D3750053BD74 /* Resources */ = {
			isa = PBXResourcesBuildPhase;
			buildActionMask = 2147483647;
			files = (
				F10D83CE1C55D3750053BD74 /* Assets.xcassets in Resources */,
			);
			runOnlyForDeploymentPostprocessing = 0;
		};
/* End PBXResourcesBuildPhase section */

/* Begin PBXSourcesBuildPhase section */
		F10D839F1C55D3750053BD74 /* Sources */ = {
			isa = PBXSourcesBuildPhase;
			buildActionMask = 2147483647;
			files = (
				F10D83A91C55D3750053BD74 /* ViewController.swift in Sources */,
				F10D83A71C55D3750053BD74 /* AppDelegate.swift in Sources */,
			);
			runOnlyForDeploymentPostprocessing = 0;
		};
		F10D83C01C55D3750053BD74 /* Sources */ = {
			isa = PBXSourcesBuildPhase;
			buildActionMask = 2147483647;
			files = (
				F10D83CC1C55D3750053BD74 /* ExtensionDelegate.swift in Sources */,
				F10D83F01C55EFFD0053BD74 /* confirmarInterfaceController.swift in Sources */,
				F10D83F61C55F99D0053BD74 /* ingredientes.swift in Sources */,
				F10D83F41C55F5120053BD74 /* queso.swift in Sources */,
				F10D83CA1C55D3750053BD74 /* InterfaceController.swift in Sources */,
				F10D83EE1C55EFE40053BD74 /* ingredientesInterfaceController.swift in Sources */,
				F10D83EC1C55EFCC0053BD74 /* quesoInterfaceController.swift in Sources */,
				F10D83E81C55E5A20053BD74 /* tamano.swift in Sources */,
				F10D83EA1C55E93F0053BD74 /* masaInterfaceController.swift in Sources */,
				F10D83F21C55F0660053BD74 /* masa.swift in Sources */,
			);
			runOnlyForDeploymentPostprocessing = 0;
		};
/* End PBXSourcesBuildPhase section */

/* Begin PBXTargetDependency section */
		F10D83B81C55D3750053BD74 /* PBXTargetDependency */ = {
			isa = PBXTargetDependency;
			target = F10D83B41C55D3750053BD74 /* WatchApp WatchKit App */;
			targetProxy = F10D83B71C55D3750053BD74 /* PBXContainerItemProxy */;
		};
		F10D83C71C55D3750053BD74 /* PBXTargetDependency */ = {
			isa = PBXTargetDependency;
			target = F10D83C31C55D3750053BD74 /* WatchApp WatchKit Extension */;
			targetProxy = F10D83C61C55D3750053BD74 /* PBXContainerItemProxy */;
		};
/* End PBXTargetDependency section */

/* Begin PBXVariantGroup section */
		F10D83AA1C55D3750053BD74 /* Main.storyboard */ = {
			isa = PBXVariantGroup;
			children = (
				F10D83AB1C55D3750053BD74 /* Base */,
			);
			name = Main.storyboard;
			sourceTree = "<group>";
		};
		F10D83AF1C55D3750053BD74 /* LaunchScreen.storyboard */ = {
			isa = PBXVariantGroup;
			children = (
				F10D83B01C55D3750053BD74 /* Base */,
			);
			name = LaunchScreen.storyboard;
			sourceTree = "<group>";
		};
		F10D83BA1C55D3750053BD74 /* Interface.storyboard */ = {
			isa = PBXVariantGroup;
			children = (
				F10D83BB1C55D3750053BD74 /* Base */,
			);
			name = Interface.storyboard;
			sourceTree = "<group>";
		};
/* End PBXVariantGroup section */

/* Begin XCBuildConfiguration section */
		F10D83D01C55D3760053BD74 /* Debug */ = {
			isa = XCBuildConfiguration;
			buildSettings = {
				ALWAYS_SEARCH_USER_PATHS = NO;
				CLANG_CXX_LANGUAGE_STANDARD = "gnu++0x";
				CLANG_CXX_LIBRARY = "libc++";
				CLANG_ENABLE_MODULES = YES;
				CLANG_ENABLE_OBJC_ARC = YES;
				CLANG_WARN_BOOL_CONVERSION = YES;
				CLANG_WARN_CONSTANT_CONVERSION = YES;
				CLANG_WARN_DIRECT_OBJC_ISA_USAGE = YES_ERROR;
				CLANG_WARN_EMPTY_BODY = YES;
				CLANG_WARN_ENUM_CONVERSION = YES;
				CLANG_WARN_INT_CONVERSION = YES;
				CLANG_WARN_OBJC_ROOT_CLASS = YES_ERROR;
				CLANG_WARN_UNREACHABLE_CODE = YES;
				CLANG_WARN__DUPLICATE_METHOD_MATCH = YES;
				"CODE_SIGN_IDENTITY[sdk=iphoneos*]" = "iPhone Developer";
				COPY_PHASE_STRIP = NO;
				DEBUG_INFORMATION_FORMAT = dwarf;
				ENABLE_STRICT_OBJC_MSGSEND = YES;
				ENABLE_TESTABILITY = YES;
				GCC_C_LANGUAGE_STANDARD = gnu99;
				GCC_DYNAMIC_NO_PIC = NO;
				GCC_NO_COMMON_BLOCKS = YES;
				GCC_OPTIMIZATION_LEVEL = 0;
				GCC_PREPROCESSOR_DEFINITIONS = (
					"DEBUG=1",
					"$(inherited)",
				);
				GCC_WARN_64_TO_32_BIT_CONVERSION = YES;
				GCC_WARN_ABOUT_RETURN_TYPE = YES_ERROR;
				GCC_WARN_UNDECLARED_SELECTOR = YES;
				GCC_WARN_UNINITIALIZED_AUTOS = YES_AGGRESSIVE;
				GCC_WARN_UNUSED_FUNCTION = YES;
				GCC_WARN_UNUSED_VARIABLE = YES;
				IPHONEOS_DEPLOYMENT_TARGET = 9.0;
				MTL_ENABLE_DEBUG_INFO = YES;
				ONLY_ACTIVE_ARCH = YES;
				SDKROOT = iphoneos;
				SWIFT_OPTIMIZATION_LEVEL = "-Onone";
				TARGETED_DEVICE_FAMILY = "1,2";
			};
			name = Debug;
		};
		F10D83D11C55D3760053BD74 /* Release */ = {
			isa = XCBuildConfiguration;
			buildSettings = {
				ALWAYS_SEARCH_USER_PATHS = NO;
				CLANG_CXX_LANGUAGE_STANDARD = "gnu++0x";
				CLANG_CXX_LIBRARY = "libc++";
				CLANG_ENABLE_MODULES = YES;
				CLANG_ENABLE_OBJC_ARC = YES;
				CLANG_WARN_BOOL_CONVERSION = YES;
				CLANG_WARN_CONSTANT_CONVERSION = YES;
				CLANG_WARN_DIRECT_OBJC_ISA_USAGE = YES_ERROR;
				CLANG_WARN_EMPTY_BODY = YES;
				CLANG_WARN_ENUM_CONVERSION = YES;
				CLANG_WARN_INT_CONVERSION = YES;
				CLANG_WARN_OBJC_ROOT_CLASS = YES_ERROR;
				CLANG_WARN_UNREACHABLE_CODE = YES;
				CLANG_WARN__DUPLICATE_METHOD_MATCH = YES;
				"CODE_SIGN_IDENTITY[sdk=iphoneos*]" = "iPhone Developer";
				COPY_PHASE_STRIP = NO;
				DEBUG_INFORMATION_FORMAT = "dwarf-with-dsym";
				ENABLE_NS_ASSERTIONS = NO;
				ENABLE_STRICT_OBJC_MSGSEND = YES;
				GCC_C_LANGUAGE_STANDARD = gnu99;
				GCC_NO_COMMON_BLOCKS = YES;
				GCC_WARN_64_TO_32_BIT_CONVERSION = YES;
				GCC_WARN_ABOUT_RETURN_TYPE = YES_ERROR;
				GCC_WARN_UNDECLARED_SELECTOR = YES;
				GCC_WARN_UNINITIALIZED_AUTOS = YES_AGGRESSIVE;
				GCC_WARN_UNUSED_FUNCTION = YES;
				GCC_WARN_UNUSED_VARIABLE = YES;
				IPHONEOS_DEPLOYMENT_TARGET = 9.0;
				MTL_ENABLE_DEBUG_INFO = NO;
				SDKROOT = iphoneos;
				TARGETED_DEVICE_FAMILY = "1,2";
				VALIDATE_PRODUCT = YES;
			};
			name = Release;
		};
		F10D83D31C55D3760053BD74 /* Debug */ = {
			isa = XCBuildConfiguration;
			buildSettings = {
				INFOPLIST_FILE = "WatchApp WatchKit Extension/Info.plist";
				LD_RUNPATH_SEARCH_PATHS = "$(inherited) @executable_path/Frameworks @executable_path/../../Frameworks";
				PRODUCT_BUNDLE_IDENTIFIER = it.ozelot.WatchApp.watchkitapp.watchkitextension;
				PRODUCT_NAME = "${TARGET_NAME}";
				SDKROOT = watchos;
				SKIP_INSTALL = YES;
				TARGETED_DEVICE_FAMILY = 4;
				WATCHOS_DEPLOYMENT_TARGET = 2.0;
			};
			name = Debug;
		};
		F10D83D41C55D3760053BD74 /* Release */ = {
			isa = XCBuildConfiguration;
			buildSettings = {
				INFOPLIST_FILE = "WatchApp WatchKit Extension/Info.plist";
				LD_RUNPATH_SEARCH_PATHS = "$(inherited) @executable_path/Frameworks @executable_path/../../Frameworks";
				PRODUCT_BUNDLE_IDENTIFIER = it.ozelot.WatchApp.watchkitapp.watchkitextension;
				PRODUCT_NAME = "${TARGET_NAME}";
				SDKROOT = watchos;
				SKIP_INSTALL = YES;
				TARGETED_DEVICE_FAMILY = 4;
				WATCHOS_DEPLOYMENT_TARGET = 2.0;
			};
			name = Release;
		};
		F10D83D71C55D3760053BD74 /* Debug */ = {
			isa = XCBuildConfiguration;
			buildSettings = {
				ASSETCATALOG_COMPILER_APPICON_NAME = AppIcon;
				EMBEDDED_CONTENT_CONTAINS_SWIFT = YES;
				IBSC_MODULE = WatchApp_WatchKit_Extension;
				INFOPLIST_FILE = "WatchApp WatchKit App/Info.plist";
				PRODUCT_BUNDLE_IDENTIFIER = it.ozelot.WatchApp.watchkitapp;
				PRODUCT_NAME = "$(TARGET_NAME)";
				SDKROOT = watchos;
				SKIP_INSTALL = YES;
				TARGETED_DEVICE_FAMILY = 4;
				WATCHOS_DEPLOYMENT_TARGET = 2.0;
			};
			name = Debug;
		};
		F10D83D81C55D3760053BD74 /* Release */ = {
			isa = XCBuildConfiguration;
			buildSettings = {
				ASSETCATALOG_COMPILER_APPICON_NAME = AppIcon;
				EMBEDDED_CONTENT_CONTAINS_SWIFT = YES;
				IBSC_MODULE = WatchApp_WatchKit_Extension;
				INFOPLIST_FILE = "WatchApp WatchKit App/Info.plist";
				PRODUCT_BUNDLE_IDENTIFIER = it.ozelot.WatchApp.watchkitapp;
				PRODUCT_NAME = "$(TARGET_NAME)";
				SDKROOT = watchos;
				SKIP_INSTALL = YES;
				TARGETED_DEVICE_FAMILY = 4;
				WATCHOS_DEPLOYMENT_TARGET = 2.0;
			};
			name = Release;
		};
		F10D83DB1C55D3760053BD74 /* Debug */ = {
			isa = XCBuildConfiguration;
			buildSettings = {
				ASSETCATALOG_COMPILER_APPICON_NAME = AppIcon;
				INFOPLIST_FILE = WatchApp/Info.plist;
				LD_RUNPATH_SEARCH_PATHS = "$(inherited) @executable_path/Frameworks";
				PRODUCT_BUNDLE_IDENTIFIER = it.ozelot.WatchApp;
				PRODUCT_NAME = "$(TARGET_NAME)";
			};
			name = Debug;
		};
		F10D83DC1C55D3760053BD74 /* Release */ = {
			isa = XCBuildConfiguration;
			buildSettings = {
				ASSETCATALOG_COMPILER_APPICON_NAME = AppIcon;
				INFOPLIST_FILE = WatchApp/Info.plist;
				LD_RUNPATH_SEARCH_PATHS = "$(inherited) @executable_path/Frameworks";
				PRODUCT_BUNDLE_IDENTIFIER = it.ozelot.WatchApp;
				PRODUCT_NAME = "$(TARGET_NAME)";
			};
			name = Release;
		};
/* End XCBuildConfiguration section */

/* Begin XCConfigurationList section */
		F10D839E1C55D3750053BD74 /* Build configuration list for PBXProject "WatchApp" */ = {
			isa = XCConfigurationList;
			buildConfigurations = (
				F10D83D01C55D3760053BD74 /* Debug */,
				F10D83D11C55D3760053BD74 /* Release */,
			);
			defaultConfigurationIsVisible = 0;
			defaultConfigurationName = Release;
		};
		F10D83D21C55D3760053BD74 /* Build configuration list for PBXNativeTarget "WatchApp WatchKit Extension" */ = {
			isa = XCConfigurationList;
			buildConfigurations = (
				F10D83D31C55D3760053BD74 /* Debug */,
				F10D83D41C55D3760053BD74 /* Release */,
			);
			defaultConfigurationIsVisible = 0;
		};
		F10D83D61C55D3760053BD74 /* Build configuration list for PBXNativeTarget "WatchApp WatchKit App" */ = {
			isa = XCConfigurationList;
			buildConfigurations = (
				F10D83D71C55D3760053BD74 /* Debug */,
				F10D83D81C55D3760053BD74 /* Release */,
			);
			defaultConfigurationIsVisible = 0;
		};
		F10D83DA1C55D3760053BD74 /* Build configuration list for PBXNativeTarget "WatchApp" */ = {
			isa = XCConfigurationList;
			buildConfigurations = (
				F10D83DB1C55D3760053BD74 /* Debug */,
				F10D83DC1C55D3760053BD74 /* Release */,
			);
			defaultConfigurationIsVisible = 0;
		};
/* End XCConfigurationList section */
	};
	rootObject = F10D839B1C55D3750053BD74 /* Project object */;
}
